{
  "name": "uniswapv3-code",
  "lockfileVersion": 2,
  "requires": true,
  "packages": {
    "": {
      "devDependencies": {
        "ngraph.graph": "^20.0.0",
        "ngraph.path": "^1.4.0"
      }
    },
    "node_modules/ngraph.events": {
      "version": "1.2.2",
      "resolved": "https://registry.npmmirror.com/ngraph.events/-/ngraph.events-1.2.2.tgz",
      "integrity": "sha512-JsUbEOzANskax+WSYiAPETemLWYXmixuPAlmZmhIbIj6FH/WDgEGCGnRwUQBK0GjOnVm8Ui+e5IJ+5VZ4e32eQ==",
      "dev": true
    },
    "node_modules/ngraph.graph": {
      "version": "20.0.0",
      "resolved": "https://registry.npmmirror.com/ngraph.graph/-/ngraph.graph-20.0.0.tgz",
      "integrity": "sha512-tJqmik6U5geNDSbmTSwm4R6coTMDbkfFFHD8wdeSJtKU/cxIWFsKtXuwMva/wTk6tQQl1C2//lrzmwfPJXAXHw==",
      "dev": true,
      "dependencies": {
        "ngraph.events": "^1.2.1"
      }
    },
    "node_modules/ngraph.path": {
      "version": "1.4.0",
      "resolved": "https://registry.npmmirror.com/ngraph.path/-/ngraph.path-1.4.0.tgz",
      "integrity": "sha512-yJZay4tP0wcjqkkf8zlMQ/T+JOgU+EWfdE4w4TG8OS94B12J/+Z44UOYxVJErE8E6/wFunX1hMZEB1/GHsBYHg==",
      "dev": true
    }
  },
  "dependencies": {
    "ngraph.events": {
      "version": "1.2.2",
      "resolved": "https://registry.npmmirror.com/ngraph.events/-/ngraph.events-1.2.2.tgz",
      "integrity": "sha512-JsUbEOzANskax+WSYiAPETemLWYXmixuPAlmZmhIbIj6FH/WDgEGCGnRwUQBK0GjOnVm8Ui+e5IJ+5VZ4e32eQ==",
      "dev": true
    },
    "ngraph.graph": {
      "version": "20.0.0",
      "resolved": "https://registry.npmmirror.com/ngraph.graph/-/ngraph.graph-20.0.0.tgz",
      "integrity": "sha512-tJqmik6U5geNDSbmTSwm4R6coTMDbkfFFHD8wdeSJtKU/cxIWFsKtXuwMva/wTk6tQQl1C2//lrzmwfPJXAXHw==",
      "dev": true,
      "requires": {
        "ngraph.events": "^1.2.1"
      }
    },
    "ngraph.path": {
      "version": "1.4.0",
      "resolved": "https://registry.npmmirror.com/ngraph.path/-/ngraph.path-1.4.0.tgz",
      "integrity": "sha512-yJZay4tP0wcjqkkf8zlMQ/T+JOgU+EWfdE4w4TG8OS94B12J/+Z44UOYxVJErE8E6/wFunX1hMZEB1/GHsBYHg==",
      "dev": true
    }
  }
}
